
Microsoft Visual Studio Solution File, Format Version 11.00
# Visual Studio 2010
Project("{FAE04EC0-301F-11D3-BF4B-00C04F79EFBC}") = "RAC--Project--dh2323", "Assembly-CSharp-firstpass.csproj", "{227D4C92-0F02-5AE9-600E-8841A7CD8325}"
EndProject
Project("{FAE04EC0-301F-11D3-BF4B-00C04F79EFBC}") = "RAC--Project--dh2323", "Assembly-CSharp.csproj", "{2052AA9E-4307-6706-8CE8-9F8F5B8601E3}"
EndProject
Project("{FAE04EC0-301F-11D3-BF4B-00C04F79EFBC}") = "RAC--Project--dh2323", "Assembly-CSharp-Editor-firstpass.csproj", "{BF899081-6E91-46AB-B1D9-BA931DAC3070}"
EndProject
Global
	GlobalSection(SolutionConfigurationPlatforms) = preSolution
		Debug|Any CPU = Debug|Any CPU
		Release|Any CPU = Release|Any CPU
	EndGlobalSection
	GlobalSection(ProjectConfigurationPlatforms) = postSolution
		{227D4C92-0F02-5AE9-600E-8841A7CD8325}.Debug|Any CPU.ActiveCfg = Debug|Any CPU
		{227D4C92-0F02-5AE9-600E-8841A7CD8325}.Debug|Any CPU.Build.0 = Debug|Any CPU
		{227D4C92-0F02-5AE9-600E-8841A7CD8325}.Release|Any CPU.ActiveCfg = Release|Any CPU
		{227D4C92-0F02-5AE9-600E-8841A7CD8325}.Release|Any CPU.Build.0 = Release|Any CPU
		{2052AA9E-4307-6706-8CE8-9F8F5B8601E3}.Debug|Any CPU.ActiveCfg = Debug|Any CPU
		{2052AA9E-4307-6706-8CE8-9F8F5B8601E3}.Debug|Any CPU.Build.0 = Debug|Any CPU
		{2052AA9E-4307-6706-8CE8-9F8F5B8601E3}.Release|Any CPU.ActiveCfg = Release|Any CPU
		{2052AA9E-4307-6706-8CE8-9F8F5B8601E3}.Release|Any CPU.Build.0 = Release|Any CPU
		{BF899081-6E91-46AB-B1D9-BA931DAC3070}.Debug|Any CPU.ActiveCfg = Debug|Any CPU
		{BF899081-6E91-46AB-B1D9-BA931DAC3070}.Debug|Any CPU.Build.0 = Debug|Any CPU
		{BF899081-6E91-46AB-B1D9-BA931DAC3070}.Release|Any CPU.ActiveCfg = Release|Any CPU
		{BF899081-6E91-46AB-B1D9-BA931DAC3070}.Release|Any CPU.Build.0 = Release|Any CPU
	EndGlobalSection
	GlobalSection(SolutionProperties) = preSolution
		HideSolutionNode = FALSE
	EndGlobalSection
	GlobalSection(MonoDevelopProperties) = preSolution
		StartupItem = Assembly-CSharp.csproj
	EndGlobalSection
EndGlobal
